// !$*UTF8*$!
{
	archiveVersion = 1;
	classes = {
	};
	objectVersion = 46;
	objects = {

/* Begin PBXBuildFile section */
		1A24FAA9CDFEAE008DFC015E /* ClipboardExtension.swift in Sources */ = {isa = PBXBuildFile; fileRef = 2991097092DCC6470A7846C7 /* ClipboardExtension.swift */; };
		3C88E20659F4FF6D81885ED2 /* ClipboardMonitor.swift in Sources */ = {isa = PBXBuildFile; fileRef = 456EC4DFE7C8B109016DE96D /* ClipboardMonitor.swift */; };
		AD2087EF1427C902891CAAFD /* BoringExtensionProtocol.swift in Sources */ = {isa = PBXBuildFile; fileRef = 6C34C83B85C079C11A6199F4 /* BoringExtensionProtocol.swift */; };
		BF8947806AC2647DACCDB720 /* Cocoa.framework in Frameworks */ = {isa = PBXBuildFile; fileRef = CF11C3FCA542A5CD2EF38C83 /* Cocoa.framework */; };
		F069F3125CEF4C6A3F627B60 /* ClipboardView.swift in Sources */ = {isa = PBXBuildFile; fileRef = 4145616127F6EBEAC9A76712 /* ClipboardView.swift */; };
/* End PBXBuildFile section */

/* Begin PBXFileReference section */
		2991097092DCC6470A7846C7 /* ClipboardExtension.swift */ = {isa = PBXFileReference; includeInIndex = 1; lastKnownFileType = sourcecode.swift; path = ClipboardExtension.swift; sourceTree = "<group>"; };
		4145616127F6EBEAC9A76712 /* ClipboardView.swift */ = {isa = PBXFileReference; includeInIndex = 1; lastKnownFileType = sourcecode.swift; path = ClipboardView.swift; sourceTree = "<group>"; };
		456EC4DFE7C8B109016DE96D /* ClipboardMonitor.swift */ = {isa = PBXFileReference; includeInIndex = 1; lastKnownFileType = sourcecode.swift; path = ClipboardMonitor.swift; sourceTree = "<group>"; };
		6C34C83B85C079C11A6199F4 /* BoringExtensionProtocol.swift */ = {isa = PBXFileReference; includeInIndex = 1; lastKnownFileType = sourcecode.swift; path = BoringExtensionProtocol.swift; sourceTree = "<group>"; };
		C7E9625B27F3044C6BFBB2E6 /* BoringClipboard.bundle */ = {isa = PBXFileReference; explicitFileType = "wrapper.plug-in"; includeInIndex = 0; path = BoringClipboard.bundle; sourceTree = BUILT_PRODUCTS_DIR; };
		CF11C3FCA542A5CD2EF38C83 /* Cocoa.framework */ = {isa = PBXFileReference; lastKnownFileType = wrapper.framework; name = Cocoa.framework; path = Platforms/MacOSX.platform/Developer/SDKs/MacOSX15.0.sdk/System/Library/Frameworks/Cocoa.framework; sourceTree = DEVELOPER_DIR; };
/* End PBXFileReference section */

/* Begin PBXFrameworksBuildPhase section */
		F3FD696DBBABDE172B647119 /* Frameworks */ = {
			isa = PBXFrameworksBuildPhase;
			buildActionMask = 2147483647;
			files = (
				BF8947806AC2647DACCDB720 /* Cocoa.framework in Frameworks */,
			);
			runOnlyForDeploymentPostprocessing = 0;
		};
/* End PBXFrameworksBuildPhase section */

/* Begin PBXGroup section */
		05D05451595061530390B53E = {
			isa = PBXGroup;
			children = (
				6CDB449D513126111D361C24 /* Products */,
				B9C0BCC9ABA496948D05749E /* Frameworks */,
				4546BA374BE449A4829C433D /* Sources */,
			);
			sourceTree = "<group>";
		};
		4546BA374BE449A4829C433D /* Sources */ = {
			isa = PBXGroup;
			children = (
				6C34C83B85C079C11A6199F4 /* BoringExtensionProtocol.swift */,
				2991097092DCC6470A7846C7 /* ClipboardExtension.swift */,
				456EC4DFE7C8B109016DE96D /* ClipboardMonitor.swift */,
				4145616127F6EBEAC9A76712 /* ClipboardView.swift */,
			);
			name = Sources;
			path = Sources/BoringClipboard;
			sourceTree = "<group>";
		};
		4744BDB5AA02CF33A57C46B3 /* OS X */ = {
			isa = PBXGroup;
			children = (
				CF11C3FCA542A5CD2EF38C83 /* Cocoa.framework */,
			);
			name = "OS X";
			sourceTree = "<group>";
		};
		6CDB449D513126111D361C24 /* Products */ = {
			isa = PBXGroup;
			children = (
				C7E9625B27F3044C6BFBB2E6 /* BoringClipboard.bundle */,
			);
			name = Products;
			sourceTree = "<group>";
		};
		B9C0BCC9ABA496948D05749E /* Frameworks */ = {
			isa = PBXGroup;
			children = (
				4744BDB5AA02CF33A57C46B3 /* OS X */,
			);
			name = Frameworks;
			sourceTree = "<group>";
		};
/* End PBXGroup section */

/* Begin PBXNativeTarget section */
		3D91BF6743B2E88BC1C4C5FD /* BoringClipboard */ = {
			isa = PBXNativeTarget;
			buildConfigurationList = AD79E24F3452D5DE3A790892 /* Build configuration list for PBXNativeTarget "BoringClipboard" */;
			buildPhases = (
				E591899874360CEFB580EF6D /* Sources */,
				F3FD696DBBABDE172B647119 /* Frameworks */,
				0C7D47020C439CA88F0F904A /* Resources */,
			);
			buildRules = (
			);
			dependencies = (
			);
			name = BoringClipboard;
			productName = BoringClipboard;
			productReference = C7E9625B27F3044C6BFBB2E6 /* BoringClipboard.bundle */;
			productType = "com.apple.product-type.bundle";
		};
/* End PBXNativeTarget section */

/* Begin PBXProject section */
		121B61B588072855F2180266 /* Project object */ = {
			isa = PBXProject;
			attributes = {
				LastSwiftUpdateCheck = 1600;
				LastUpgradeCheck = 1600;
			};
			buildConfigurationList = 0BB1390DAB24B8BEFFF25E12 /* Build configuration list for PBXProject "BoringClipboard" */;
			compatibilityVersion = "Xcode 3.2";
			developmentRegion = en;
			hasScannedForEncodings = 0;
			knownRegions = (
				en,
				Base,
			);
			mainGroup = 05D05451595061530390B53E;
			minimizedProjectReferenceProxies = 0;
			preferredProjectObjectVersion = 77;
			productRefGroup = 6CDB449D513126111D361C24 /* Products */;
			projectDirPath = "";
			projectRoot = "";
			targets = (
				3D91BF6743B2E88BC1C4C5FD /* BoringClipboard */,
			);
		};
/* End PBXProject section */

/* Begin PBXResourcesBuildPhase section */
		0C7D47020C439CA88F0F904A /* Resources */ = {
			isa = PBXResourcesBuildPhase;
			buildActionMask = 2147483647;
			files = (
			);
			runOnlyForDeploymentPostprocessing = 0;
		};
/* End PBXResourcesBuildPhase section */

/* Begin PBXSourcesBuildPhase section */
		E591899874360CEFB580EF6D /* Sources */ = {
			isa = PBXSourcesBuildPhase;
			buildActionMask = 2147483647;
			files = (
				AD2087EF1427C902891CAAFD /* BoringExtensionProtocol.swift in Sources */,
				1A24FAA9CDFEAE008DFC015E /* ClipboardExtension.swift in Sources */,
				3C88E20659F4FF6D81885ED2 /* ClipboardMonitor.swift in Sources */,
				F069F3125CEF4C6A3F627B60 /* ClipboardView.swift in Sources */,
			);
			runOnlyForDeploymentPostprocessing = 0;
		};
/* End PBXSourcesBuildPhase section */

/* Begin XCBuildConfiguration section */
		19BD8A7733F9407592851432 /* Release */ = {
			isa = XCBuildConfiguration;
			buildSettings = {
				ALWAYS_SEARCH_USER_PATHS = NO;
				CODE_SIGN_IDENTITY = "-";
				CODE_SIGN_STYLE = Manual;
				COMBINE_HIDPI_IMAGES = YES;
				INFOPLIST_FILE = Info.plist;
				INSTALL_PATH = "$(LOCAL_LIBRARY_DIR)/Bundles";
				MACOSX_DEPLOYMENT_TARGET = 14.0;
				PRODUCT_BUNDLE_IDENTIFIER = dev.boringnotch.clipboard;
				PRODUCT_NAME = BoringClipboard;
				SDKROOT = macosx;
				SKIP_INSTALL = YES;
				SWIFT_OPTIMIZATION_LEVEL = "-O";
				SWIFT_VERSION = 5.0;
				WRAPPER_EXTENSION = bundle;
			};
			name = Release;
		};
		69807CBC44AA58D0279A6C26 /* Debug */ = {
			isa = XCBuildConfiguration;
			buildSettings = {
				ALWAYS_SEARCH_USER_PATHS = NO;
				CLANG_ANALYZER_NONNULL = YES;
				CLANG_ANALYZER_NUMBER_OBJECT_CONVERSION = YES_AGGRESSIVE;
				CLANG_CXX_LANGUAGE_STANDARD = "gnu++14";
				CLANG_CXX_LIBRARY = "libc++";
				CLANG_ENABLE_MODULES = YES;
				CLANG_ENABLE_OBJC_ARC = YES;
				CLANG_ENABLE_OBJC_WEAK = YES;
				CLANG_WARN_BLOCK_CAPTURE_AUTORELEASING = YES;
				CLANG_WARN_BOOL_CONVERSION = YES;
				CLANG_WARN_COMMA = YES;
				CLANG_WARN_CONSTANT_CONVERSION = YES;
				CLANG_WARN_DEPRECATED_OBJC_IMPLEMENTATIONS = YES;
				CLANG_WARN_DIRECT_OBJC_ISA_USAGE = YES_ERROR;
				CLANG_WARN_DOCUMENTATION_COMMENTS = YES;
				CLANG_WARN_EMPTY_BODY = YES;
				CLANG_WARN_ENUM_CONVERSION = YES;
				CLANG_WARN_INFINITE_RECURSION = YES;
				CLANG_WARN_INT_CONVERSION = YES;
				CLANG_WARN_NON_LITERAL_NULL_CONVERSION = YES;
				CLANG_WARN_OBJC_IMPLICIT_RETAIN_SELF = YES;
				CLANG_WARN_OBJC_LITERAL_CONVERSION = YES;
				CLANG_WARN_OBJC_ROOT_CLASS = YES_ERROR;
				CLANG_WARN_QUOTED_INCLUDE_IN_FRAMEWORK_HEADER = YES;
				CLANG_WARN_RANGE_LOOP_ANALYSIS = YES;
				CLANG_WARN_STRICT_PROTOTYPES = YES;
				CLANG_WARN_SUSPICIOUS_MOVE = YES;
				CLANG_WARN_UNGUARDED_AVAILABILITY = YES_AGGRESSIVE;
				CLANG_WARN_UNREACHABLE_CODE = YES;
				CLANG_WARN__DUPLICATE_METHOD_MATCH = YES;
				COPY_PHASE_STRIP = NO;
				DEBUG_INFORMATION_FORMAT = dwarf;
				ENABLE_STRICT_OBJC_MSGSEND = YES;
				ENABLE_TESTABILITY = YES;
				GCC_C_LANGUAGE_STANDARD = gnu11;
				GCC_DYNAMIC_NO_PIC = NO;
				GCC_NO_COMMON_BLOCKS = YES;
				GCC_OPTIMIZATION_LEVEL = 0;
				GCC_PREPROCESSOR_DEFINITIONS = (
					"DEBUG=1",
					"$(inherited)",
				);
				GCC_WARN_64_TO_32_BIT_CONVERSION = YES;
				GCC_WARN_ABOUT_RETURN_TYPE = YES_ERROR;
				GCC_WARN_UNDECLARED_SELECTOR = YES;
				GCC_WARN_UNINITIALIZED_AUTOS = YES_AGGRESSIVE;
				GCC_WARN_UNUSED_FUNCTION = YES;
				GCC_WARN_UNUSED_VARIABLE = YES;
				MTL_ENABLE_DEBUG_INFO = INCLUDE_SOURCE;
				MTL_FAST_MATH = YES;
				ONLY_ACTIVE_ARCH = YES;
				PRODUCT_NAME = "$(TARGET_NAME)";
				SWIFT_ACTIVE_COMPILATION_CONDITIONS = DEBUG;
				SWIFT_OPTIMIZATION_LEVEL = "-Onone";
				SWIFT_VERSION = 5.0;
			};
			name = Debug;
		};
		7FBEE143574844842C320E54 /* Debug */ = {
			isa = XCBuildConfiguration;
			buildSettings = {
				ALWAYS_SEARCH_USER_PATHS = NO;
				CODE_SIGN_IDENTITY = "-";
				CODE_SIGN_STYLE = Manual;
				COMBINE_HIDPI_IMAGES = YES;
				INFOPLIST_FILE = Info.plist;
				INSTALL_PATH = "$(LOCAL_LIBRARY_DIR)/Bundles";
				MACOSX_DEPLOYMENT_TARGET = 14.0;
				PRODUCT_BUNDLE_IDENTIFIER = dev.boringnotch.clipboard;
				PRODUCT_NAME = BoringClipboard;
				SDKROOT = macosx;
				SKIP_INSTALL = YES;
				SWIFT_OPTIMIZATION_LEVEL = "-Onone";
				SWIFT_VERSION = 5.0;
				WRAPPER_EXTENSION = bundle;
			};
			name = Debug;
		};
		8D5E4ABE7900991CB7C4F334 /* Release */ = {
			isa = XCBuildConfiguration;
			buildSettings = {
				ALWAYS_SEARCH_USER_PATHS = NO;
				CLANG_ANALYZER_NONNULL = YES;
				CLANG_ANALYZER_NUMBER_OBJECT_CONVERSION = YES_AGGRESSIVE;
				CLANG_CXX_LANGUAGE_STANDARD = "gnu++14";
				CLANG_CXX_LIBRARY = "libc++";
				CLANG_ENABLE_MODULES = YES;
				CLANG_ENABLE_OBJC_ARC = YES;
				CLANG_ENABLE_OBJC_WEAK = YES;
				CLANG_WARN_BLOCK_CAPTURE_AUTORELEASING = YES;
				CLANG_WARN_BOOL_CONVERSION = YES;
				CLANG_WARN_COMMA = YES;
				CLANG_WARN_CONSTANT_CONVERSION = YES;
				CLANG_WARN_DEPRECATED_OBJC_IMPLEMENTATIONS = YES;
				CLANG_WARN_DIRECT_OBJC_ISA_USAGE = YES_ERROR;
				CLANG_WARN_DOCUMENTATION_COMMENTS = YES;
				CLANG_WARN_EMPTY_BODY = YES;
				CLANG_WARN_ENUM_CONVERSION = YES;
				CLANG_WARN_INFINITE_RECURSION = YES;
				CLANG_WARN_INT_CONVERSION = YES;
				CLANG_WARN_NON_LITERAL_NULL_CONVERSION = YES;
				CLANG_WARN_OBJC_IMPLICIT_RETAIN_SELF = YES;
				CLANG_WARN_OBJC_LITERAL_CONVERSION = YES;
				CLANG_WARN_OBJC_ROOT_CLASS = YES_ERROR;
				CLANG_WARN_QUOTED_INCLUDE_IN_FRAMEWORK_HEADER = YES;
				CLANG_WARN_RANGE_LOOP_ANALYSIS = YES;
				CLANG_WARN_STRICT_PROTOTYPES = YES;
				CLANG_WARN_SUSPICIOUS_MOVE = YES;
				CLANG_WARN_UNGUARDED_AVAILABILITY = YES_AGGRESSIVE;
				CLANG_WARN_UNREACHABLE_CODE = YES;
				CLANG_WARN__DUPLICATE_METHOD_MATCH = YES;
				COPY_PHASE_STRIP = NO;
				DEBUG_INFORMATION_FORMAT = "dwarf-with-dsym";
				ENABLE_NS_ASSERTIONS = NO;
				ENABLE_STRICT_OBJC_MSGSEND = YES;
				GCC_C_LANGUAGE_STANDARD = gnu11;
				GCC_NO_COMMON_BLOCKS = YES;
				GCC_WARN_64_TO_32_BIT_CONVERSION = YES;
				GCC_WARN_ABOUT_RETURN_TYPE = YES_ERROR;
				GCC_WARN_UNDECLARED_SELECTOR = YES;
				GCC_WARN_UNINITIALIZED_AUTOS = YES_AGGRESSIVE;
				GCC_WARN_UNUSED_FUNCTION = YES;
				GCC_WARN_UNUSED_VARIABLE = YES;
				MTL_ENABLE_DEBUG_INFO = NO;
				MTL_FAST_MATH = YES;
				PRODUCT_NAME = "$(TARGET_NAME)";
				SWIFT_COMPILATION_MODE = wholemodule;
				SWIFT_OPTIMIZATION_LEVEL = "-O";
				SWIFT_VERSION = 5.0;
			};
			name = Release;
		};
/* End XCBuildConfiguration section */

/* Begin XCConfigurationList section */
		0BB1390DAB24B8BEFFF25E12 /* Build configuration list for PBXProject "BoringClipboard" */ = {
			isa = XCConfigurationList;
			buildConfigurations = (
				69807CBC44AA58D0279A6C26 /* Debug */,
				8D5E4ABE7900991CB7C4F334 /* Release */,
			);
			defaultConfigurationIsVisible = 0;
			defaultConfigurationName = Release;
		};
		AD79E24F3452D5DE3A790892 /* Build configuration list for PBXNativeTarget "BoringClipboard" */ = {
			isa = XCConfigurationList;
			buildConfigurations = (
				19BD8A7733F9407592851432 /* Release */,
				7FBEE143574844842C320E54 /* Debug */,
			);
			defaultConfigurationIsVisible = 0;
			defaultConfigurationName = Release;
		};
/* End XCConfigurationList section */
	};
	rootObject = 121B61B588072855F2180266 /* Project object */;
}
